
Microsoft Visual Studio Solution File, Format Version 12.00
# Visual Studio Version 17
VisualStudioVersion = 17.4.33403.182
MinimumVisualStudioVersion = 10.0.40219.1
Project("{FAE04EC0-301F-11D3-BF4B-00C04F79EFBC}") = "جرد", "جرد\جرد.csproj", "{FBB2C743-CD86-413F-92A0-F0B5ECD73EAC}"
EndProject
Global
	GlobalSection(SolutionConfigurationPlatforms) = preSolution
		Debug|Any CPU = Debug|Any CPU
		Release|Any CPU = Release|Any CPU
	EndGlobalSection
	GlobalSection(ProjectConfigurationPlatforms) = postSolution
		{FBB2C743-CD86-413F-92A0-F0B5ECD73EAC}.Debug|Any CPU.ActiveCfg = Debug|Any CPU
		{FBB2C743-CD86-413F-92A0-F0B5ECD73EAC}.Debug|Any CPU.Build.0 = Debug|Any CPU
		{FBB2C743-CD86-413F-92A0-F0B5ECD73EAC}.Release|Any CPU.ActiveCfg = Release|Any CPU
		{FBB2C743-CD86-413F-92A0-F0B5ECD73EAC}.Release|Any CPU.Build.0 = Release|Any CPU
	EndGlobalSection
	GlobalSection(SolutionProperties) = preSolution
		HideSolutionNode = FALSE
	EndGlobalSection
	GlobalSection(ExtensibilityGlobals) = postSolution
		SolutionGuid = {F751946E-A1DA-4CDA-924E-D647F4B5CEB0}
	EndGlobalSection
EndGlobal
